
Microsoft Visual Studio Solution File, Format Version 12.00
# Visual Studio Version 16
VisualStudioVersion = 16.0.29709.97
MinimumVisualStudioVersion = 10.0.40219.1
Project("{9A19103F-16F7-4668-BE54-9A1E7A4F7556}") = "XPlaneConnector", "XPlaneConnector\XPlaneConnector.csproj", "{A5AAA610-0FF3-4526-A103-FDC7F13EFCAA}"
EndProject
Project("{FAE04EC0-301F-11D3-BF4B-00C04F79EFBC}") = "XPlaneConnector.DataRefs", "XPlaneConnector.DataRefs\XPlaneConnector.DataRefs.csproj", "{C4D916BA-6E41-4D97-9963-F8A702BF2806}"
EndProject
Project("{FAE04EC0-301F-11D3-BF4B-00C04F79EFBC}") = "XPlaneConnector.Tests", "XPlaneConnector.Tests\XPlaneConnector.Tests.csproj", "{D124BC67-A12E-499B-8E78-20B9D0EF0635}"
EndProject
Project("{FAE04EC0-301F-11D3-BF4B-00C04F79EFBC}") = "XPlaneCommandLineStart", "XPlaneCommandLineStart\XPlaneCommandLineStart.csproj", "{347A9245-5212-4ADC-A87F-E7D8D280FF64}"
EndProject
Global
	GlobalSection(SolutionConfigurationPlatforms) = preSolution
		Debug|Any CPU = Debug|Any CPU
		Release|Any CPU = Release|Any CPU
	EndGlobalSection
	GlobalSection(ProjectConfigurationPlatforms) = postSolution
		{A5AAA610-0FF3-4526-A103-FDC7F13EFCAA}.Debug|Any CPU.ActiveCfg = Debug|Any CPU
		{A5AAA610-0FF3-4526-A103-FDC7F13EFCAA}.Debug|Any CPU.Build.0 = Debug|Any CPU
		{A5AAA610-0FF3-4526-A103-FDC7F13EFCAA}.Release|Any CPU.ActiveCfg = Release|Any CPU
		{A5AAA610-0FF3-4526-A103-FDC7F13EFCAA}.Release|Any CPU.Build.0 = Release|Any CPU
		{C4D916BA-6E41-4D97-9963-F8A702BF2806}.Debug|Any CPU.ActiveCfg = Debug|Any CPU
		{C4D916BA-6E41-4D97-9963-F8A702BF2806}.Debug|Any CPU.Build.0 = Debug|Any CPU
		{C4D916BA-6E41-4D97-9963-F8A702BF2806}.Release|Any CPU.ActiveCfg = Release|Any CPU
		{C4D916BA-6E41-4D97-9963-F8A702BF2806}.Release|Any CPU.Build.0 = Release|Any CPU
		{D124BC67-A12E-499B-8E78-20B9D0EF0635}.Debug|Any CPU.ActiveCfg = Debug|Any CPU
		{D124BC67-A12E-499B-8E78-20B9D0EF0635}.Debug|Any CPU.Build.0 = Debug|Any CPU
		{D124BC67-A12E-499B-8E78-20B9D0EF0635}.Release|Any CPU.ActiveCfg = Release|Any CPU
		{D124BC67-A12E-499B-8E78-20B9D0EF0635}.Release|Any CPU.Build.0 = Release|Any CPU
		{347A9245-5212-4ADC-A87F-E7D8D280FF64}.Debug|Any CPU.ActiveCfg = Debug|Any CPU
		{347A9245-5212-4ADC-A87F-E7D8D280FF64}.Debug|Any CPU.Build.0 = Debug|Any CPU
		{347A9245-5212-4ADC-A87F-E7D8D280FF64}.Release|Any CPU.ActiveCfg = Release|Any CPU
		{347A9245-5212-4ADC-A87F-E7D8D280FF64}.Release|Any CPU.Build.0 = Release|Any CPU
	EndGlobalSection
	GlobalSection(SolutionProperties) = preSolution
		HideSolutionNode = FALSE
	EndGlobalSection
	GlobalSection(ExtensibilityGlobals) = postSolution
		SolutionGuid = {86B5D05F-A187-4261-AE3A-9EA1B808483D}
	EndGlobalSection
EndGlobal
